{
  "name": "@volks/api",
  "version": "1.0.0",
  "lockfileVersion": 3,
  "requires": true,
  "packages": {
    "": {
      "name": "@volks/api",
      "version": "1.0.0",
      "hasInstallScript": true,
      "dependencies": {
        "@prisma/client": "^5.8.0",
        "bcryptjs": "^2.4.3",
        "cloudinary": "^2.10.0",
        "cors": "^2.8.5",
        "dotenv": "^17.4.2",
        "express": "^4.18.2",
        "express-rate-limit": "^7.1.5",
        "helmet": "^7.1.0",
        "jsonwebtoken": "^9.0.2",
        "morgan": "^1.10.0",
        "multer": "^1.4.5-lts.1",
        "nodemailer": "^6.9.8",
        "passport": "^0.7.0",
        "passport-facebook": "^3.0.0",
        "passport-google-oauth20": "^2.0.0",
        "resend": "^6.12.3",
        "twilio": "^4.20.0",
        "winston": "^3.11.0",
        "zod": "^3.22.4"
      },
      "devDependencies": {
        "@types/bcryptjs": "^2.4.6",
        "@types/cors": "^2.8.17",
        "@types/express": "^4.17.21",
        "@types/jsonwebtoken": "^9.0.5",
        "@types/morgan": "^1.9.9",
        "@types/multer": "^1.4.11",
        "@types/node": "^20.10.6",
        "@types/nodemailer": "^6.4.14",
        "@types/passport": "^1.0.16",
        "@types/passport-facebook": "^3.0.3",
        "@types/passport-google-oauth20": "^2.0.14",
        "prisma": "^5.8.0",
        "tsx": "^4.7.0",
        "typescript": "^5.3.3"
      }
    },
    "../../node_modules/.pnpm/@prisma+client@5.22.0_prisma@5.22.0/node_modules/@prisma/client": {
      "version": "5.22.0",
      "hasInstallScript": true,
      "license": "Apache-2.0",
      "devDependencies": {
        "@cloudflare/workers-types": "4.20240614.0",
        "@codspeed/benchmark.js-plugin": "3.1.1",
        "@faker-js/faker": "8.4.1",
        "@fast-check/jest": "1.8.2",
        "@inquirer/prompts": "5.0.5",
        "@jest/create-cache-key-function": "29.7.0",
        "@jest/globals": "29.7.0",
        "@jest/test-sequencer": "29.7.0",
        "@libsql/client": "0.8.0",
        "@neondatabase/serverless": "0.9.3",
        "@opentelemetry/api": "1.9.0",
        "@opentelemetry/context-async-hooks": "1.25.1",
        "@opentelemetry/instrumentation": "0.52.1",
        "@opentelemetry/resources": "1.25.1",
        "@opentelemetry/sdk-trace-base": "1.25.1",
        "@opentelemetry/semantic-conventions": "1.25.1",
        "@planetscale/database": "1.18.0",
        "@prisma/adapter-d1": "5.22.0",
        "@prisma/adapter-libsql": "5.22.0",
        "@prisma/adapter-neon": "5.22.0",
        "@prisma/adapter-pg": "5.22.0",
        "@prisma/adapter-pg-worker": "5.22.0",
        "@prisma/adapter-planetscale": "5.22.0",
        "@prisma/debug": "5.22.0",
        "@prisma/driver-adapter-utils": "5.22.0",
        "@prisma/engines": "5.22.0",
        "@prisma/engines-version": "5.22.0-44.605197351a3c8bdd595af2d2a9bc3025bca48ea2",
        "@prisma/fetch-engine": "5.22.0",
        "@prisma/generator-helper": "5.22.0",
        "@prisma/get-platform": "5.22.0",
        "@prisma/instrumentation": "5.22.0",
        "@prisma/internals": "5.22.0",
        "@prisma/migrate": "5.22.0",
        "@prisma/mini-proxy": "0.9.5",
        "@prisma/pg-worker": "5.22.0",
        "@prisma/query-engine-wasm": "5.22.0-44.605197351a3c8bdd595af2d2a9bc3025bca48ea2",
        "@snaplet/copycat": "0.17.3",
        "@swc-node/register": "1.10.9",
        "@swc/core": "1.6.13",
        "@swc/jest": "0.2.36",
        "@timsuchanek/copy": "1.4.5",
        "@types/debug": "4.1.12",
        "@types/fs-extra": "9.0.13",
        "@types/jest": "29.5.12",
        "@types/js-levenshtein": "1.1.3",
        "@types/mssql": "9.1.5",
        "@types/node": "18.19.31",
        "@types/pg": "8.11.6",
        "arg": "5.0.2",
        "benchmark": "2.1.4",
        "ci-info": "4.0.0",
        "decimal.js": "10.4.3",
        "detect-runtime": "1.0.4",
        "env-paths": "2.2.1",
        "esbuild": "0.23.0",
        "execa": "5.1.1",
        "expect-type": "0.19.0",
        "flat-map-polyfill": "0.3.8",
        "fs-extra": "11.1.1",
        "get-stream": "6.0.1",
        "globby": "11.1.0",
        "indent-string": "4.0.0",
        "jest": "29.7.0",
        "jest-extended": "4.0.2",
        "jest-junit": "16.0.0",
        "jest-serializer-ansi-escapes": "3.0.0",
        "jest-snapshot": "29.7.0",
        "js-levenshtein": "1.1.6",
        "kleur": "4.1.5",
        "klona": "2.0.6",
        "mariadb": "3.3.1",
        "memfs": "4.9.3",
        "mssql": "11.0.1",
        "new-github-issue-url": "0.2.1",
        "node-fetch": "3.3.2",
        "p-retry": "4.6.2",
        "pg": "8.11.5",
        "pkg-up": "3.1.0",
        "pluralize": "8.0.0",
        "resolve": "1.22.8",
        "rimraf": "3.0.2",
        "simple-statistics": "7.8.5",
        "sort-keys": "4.2.0",
        "source-map-support": "0.5.21",
        "sql-template-tag": "5.2.1",
        "stacktrace-parser": "0.1.10",
        "strip-ansi": "6.0.1",
        "strip-indent": "3.0.0",
        "ts-node": "10.9.2",
        "ts-pattern": "5.2.0",
        "tsd": "0.31.1",
        "typescript": "5.4.5",
        "undici": "5.28.4",
        "wrangler": "3.62.0",
        "zx": "7.2.3"
      },
      "engines": {
        "node": ">=16.13"
      },
      "peerDependencies": {
        "prisma": "*"
      },
      "peerDependenciesMeta": {
        "prisma": {
          "optional": true
        }
      }
    },
    "../../node_modules/.pnpm/@types+bcryptjs@2.4.6/node_modules/@types/bcryptjs": {
      "version": "2.4.6",
      "dev": true,
      "license": "MIT"
    },
    "../../node_modules/.pnpm/@types+cors@2.8.19/node_modules/@types/cors": {
      "version": "2.8.19",
      "dev": true,
      "license": "MIT",
      "dependencies": {
        "@types/node": "*"
      }
    },
    "../../node_modules/.pnpm/@types+express@4.17.25/node_modules/@types/express": {
      "version": "4.17.25",
      "dev": true,
      "license": "MIT",
      "dependencies": {
        "@types/body-parser": "*",
        "@types/express-serve-static-core": "^4.17.33",
        "@types/qs": "*",
        "@types/serve-static": "^1"
      }
    },
    "../../node_modules/.pnpm/@types+jsonwebtoken@9.0.10/node_modules/@types/jsonwebtoken": {
      "version": "9.0.10",
      "dev": true,
      "license": "MIT",
      "dependencies": {
        "@types/ms": "*",
        "@types/node": "*"
      }
    },
    "../../node_modules/.pnpm/@types+morgan@1.9.10/node_modules/@types/morgan": {
      "version": "1.9.10",
      "dev": true,
      "license": "MIT",
      "dependencies": {
        "@types/node": "*"
      }
    },
    "../../node_modules/.pnpm/@types+multer@1.4.13/node_modules/@types/multer": {
      "version": "1.4.13",
      "dev": true,
      "license": "MIT",
      "dependencies": {
        "@types/express": "*"
      }
    },
    "../../node_modules/.pnpm/@types+node@20.19.40/node_modules/@types/node": {
      "version": "20.19.40",
      "dev": true,
      "license": "MIT",
      "dependencies": {
        "undici-types": "~6.21.0"
      }
    },
    "../../node_modules/.pnpm/@types+nodemailer@6.4.23/node_modules/@types/nodemailer": {
      "version": "6.4.23",
      "dev": true,
      "license": "MIT",
      "dependencies": {
        "@types/node": "*"
      }
    },
    "../../node_modules/.pnpm/@types+passport-facebook@3.0.4/node_modules/@types/passport-facebook": {
      "version": "3.0.4",
      "dev": true,
      "license": "MIT",
      "dependencies": {
        "@types/express": "*",
        "@types/passport": "*",
        "@types/passport-oauth2": "*"
      }
    },
    "../../node_modules/.pnpm/@types+passport-google-oauth20@2.0.17/node_modules/@types/passport-google-oauth20": {
      "version": "2.0.17",
      "dev": true,
      "license": "MIT",
      "dependencies": {
        "@types/express": "*",
        "@types/passport": "*",
        "@types/passport-oauth2": "*"
      }
    },
    "../../node_modules/.pnpm/@types+passport@1.0.17/node_modules/@types/passport": {
      "version": "1.0.17",
      "dev": true,
      "license": "MIT",
      "dependencies": {
        "@types/express": "*"
      }
    },
    "../../node_modules/.pnpm/bcryptjs@2.4.3/node_modules/bcryptjs": {
      "version": "2.4.3",
      "license": "MIT",
      "devDependencies": {
        "bcrypt": "latest",
        "closurecompiler": "~1",
        "metascript": "~0.18",
        "testjs": "~1",
        "utfx": "~1"
      }
    },
    "../../node_modules/.pnpm/cors@2.8.6/node_modules/cors": {
      "version": "2.8.6",
      "license": "MIT",
      "dependencies": {
        "object-assign": "^4",
        "vary": "^1"
      },
      "devDependencies": {
        "after": "0.8.2",
        "eslint": "7.30.0",
        "express": "4.21.2",
        "mocha": "9.2.2",
        "nyc": "15.1.0",
        "supertest": "6.1.3"
      },
      "engines": {
        "node": ">= 0.10"
      },
      "funding": {
        "type": "opencollective",
        "url": "https://opencollective.com/express"
      }
    },
    "../../node_modules/.pnpm/dotenv@17.4.2/node_modules/dotenv": {
      "version": "17.4.2",
      "license": "BSD-2-Clause",
      "devDependencies": {
        "@types/node": "^18.11.3",
        "decache": "^4.6.2",
        "sinon": "^14.0.1",
        "standard": "^17.0.0",
        "standard-version": "^9.5.0",
        "tap": "^19.2.0",
        "typescript": "^4.8.4"
      },
      "engines": {
        "node": ">=12"
      },
      "funding": {
        "url": "https://dotenvx.com"
      }
    },
    "../../node_modules/.pnpm/express-rate-limit@7.5.1_express@4.22.1/node_modules/express-rate-limit": {
      "version": "7.5.1",
      "license": "MIT",
      "devDependencies": {
        "@express-rate-limit/prettier": "1.1.1",
        "@express-rate-limit/tsconfig": "1.0.2",
        "@jest/globals": "29.7.0",
        "@types/express": "4.17.20",
        "@types/jest": "29.5.6",
        "@types/node": "20.8.7",
        "@types/supertest": "2.0.15",
        "del-cli": "5.1.0",
        "dts-bundle-generator": "8.0.1",
        "esbuild": "0.25.0",
        "express": "4.21.1",
        "husky": "8.0.3",
        "jest": "29.7.0",
        "lint-staged": "15.0.2",
        "mintlify": "4.0.63",
        "npm-run-all": "4.1.5",
        "ratelimit-header-parser": "0.1.0",
        "supertest": "6.3.3",
        "ts-jest": "29.1.1",
        "ts-node": "10.9.1",
        "typescript": "5.2.2",
        "xo": "0.56.0"
      },
      "engines": {
        "node": ">= 16"
      },
      "funding": {
        "url": "https://github.com/sponsors/express-rate-limit"
      },
      "peerDependencies": {
        "express": ">= 4.11"
      }
    },
    "../../node_modules/.pnpm/express@4.22.1/node_modules/express": {
      "version": "4.22.1",
      "license": "MIT",
      "dependencies": {
        "accepts": "~1.3.8",
        "array-flatten": "1.1.1",
        "body-parser": "~1.20.3",
        "content-disposition": "~0.5.4",
        "content-type": "~1.0.4",
        "cookie": "~0.7.1",
        "cookie-signature": "~1.0.6",
        "debug": "2.6.9",
        "depd": "2.0.0",
        "encodeurl": "~2.0.0",
        "escape-html": "~1.0.3",
        "etag": "~1.8.1",
        "finalhandler": "~1.3.1",
        "fresh": "~0.5.2",
        "http-errors": "~2.0.0",
        "merge-descriptors": "1.0.3",
        "methods": "~1.1.2",
        "on-finished": "~2.4.1",
        "parseurl": "~1.3.3",
        "path-to-regexp": "~0.1.12",
        "proxy-addr": "~2.0.7",
        "qs": "~6.14.0",
        "range-parser": "~1.2.1",
        "safe-buffer": "5.2.1",
        "send": "~0.19.0",
        "serve-static": "~1.16.2",
        "setprototypeof": "1.2.0",
        "statuses": "~2.0.1",
        "type-is": "~1.6.18",
        "utils-merge": "1.0.1",
        "vary": "~1.1.2"
      },
      "devDependencies": {
        "after": "0.8.2",
        "connect-redis": "3.4.2",
        "cookie-parser": "1.4.6",
        "cookie-session": "2.0.0",
        "ejs": "3.1.9",
        "eslint": "8.47.0",
        "express-session": "1.17.2",
        "hbs": "4.2.0",
        "marked": "0.7.0",
        "method-override": "3.0.0",
        "mocha": "^6.2.2",
        "morgan": "1.10.0",
        "nyc": "^14.1.1",
        "pbkdf2-password": "1.2.1",
        "supertest": "^6.1.6",
        "vhost": "~3.0.2"
      },
      "engines": {
        "node": ">= 0.10.0"
      },
      "funding": {
        "type": "opencollective",
        "url": "https://opencollective.com/express"
      }
    },
    "../../node_modules/.pnpm/helmet@7.2.0/node_modules/helmet": {
      "version": "7.2.0",
      "license": "MIT",
      "engines": {
        "node": ">=16.0.0"
      }
    },
    "../../node_modules/.pnpm/jsonwebtoken@9.0.3/node_modules/jsonwebtoken": {
      "version": "9.0.3",
      "license": "MIT",
      "dependencies": {
        "jws": "^4.0.1",
        "lodash.includes": "^4.3.0",
        "lodash.isboolean": "^3.0.3",
        "lodash.isinteger": "^4.0.4",
        "lodash.isnumber": "^3.0.3",
        "lodash.isplainobject": "^4.0.6",
        "lodash.isstring": "^4.0.1",
        "lodash.once": "^4.0.0",
        "ms": "^2.1.1",
        "semver": "^7.5.4"
      },
      "devDependencies": {
        "atob": "^2.1.2",
        "chai": "^4.1.2",
        "conventional-changelog": "~1.1.0",
        "eslint": "^4.19.1",
        "mocha": "^5.2.0",
        "nsp": "^2.6.2",
        "nyc": "^11.9.0",
        "sinon": "^6.0.0"
      },
      "engines": {
        "node": ">=12",
        "npm": ">=6"
      }
    },
    "../../node_modules/.pnpm/morgan@1.10.1/node_modules/morgan": {
      "version": "1.10.1",
      "license": "MIT",
      "dependencies": {
        "basic-auth": "~2.0.1",
        "debug": "2.6.9",
        "depd": "~2.0.0",
        "on-finished": "~2.3.0",
        "on-headers": "~1.1.0"
      },
      "devDependencies": {
        "eslint": "6.8.0",
        "eslint-config-standard": "14.1.1",
        "eslint-plugin-import": "2.20.2",
        "eslint-plugin-markdown": "1.0.2",
        "eslint-plugin-node": "11.1.0",
        "eslint-plugin-promise": "4.2.1",
        "eslint-plugin-standard": "4.0.1",
        "mocha": "10.4.0",
        "nyc": "15.1.0",
        "split": "1.0.1",
        "supertest": "4.0.2"
      },
      "engines": {
        "node": ">= 0.8.0"
      }
    },
    "../../node_modules/.pnpm/multer@1.4.5-lts.2/node_modules/multer": {
      "version": "1.4.5-lts.2",
      "license": "MIT",
      "dependencies": {
        "append-field": "^1.0.0",
        "busboy": "^1.0.0",
        "concat-stream": "^1.5.2",
        "mkdirp": "^0.5.4",
        "object-assign": "^4.1.1",
        "type-is": "^1.6.4",
        "xtend": "^4.0.0"
      },
      "devDependencies": {
        "deep-equal": "^2.0.3",
        "express": "^4.13.1",
        "form-data": "^1.0.0-rc1",
        "fs-temp": "^1.1.2",
        "mocha": "^3.5.3",
        "rimraf": "^2.4.1",
        "standard": "^14.3.3",
        "testdata-w3c-json-form": "^1.0.0"
      },
      "engines": {
        "node": ">= 6.0.0"
      }
    },
    "../../node_modules/.pnpm/nodemailer@6.10.1/node_modules/nodemailer": {
      "version": "6.10.1",
      "license": "MIT-0",
      "devDependencies": {
        "@aws-sdk/client-ses": "3.731.1",
        "bunyan": "1.8.15",
        "c8": "10.1.3",
        "eslint": "8.57.0",
        "eslint-config-nodemailer": "1.2.0",
        "eslint-config-prettier": "9.1.0",
        "libbase64": "1.3.0",
        "libmime": "5.3.6",
        "libqp": "2.1.1",
        "nodemailer-ntlm-auth": "1.0.4",
        "proxy": "1.0.2",
        "proxy-test-server": "1.0.0",
        "smtp-server": "3.13.6"
      },
      "engines": {
        "node": ">=6.0.0"
      }
    },
    "../../node_modules/.pnpm/passport-facebook@3.0.0/node_modules/passport-facebook": {
      "version": "3.0.0",
      "license": "MIT",
      "dependencies": {
        "passport-oauth2": "1.x.x"
      },
      "devDependencies": {
        "chai": "2.x.x",
        "chai-passport-strategy": "1.x.x",
        "make-node": "0.3.x",
        "mocha": "1.x.x"
      },
      "engines": {
        "node": ">= 0.4.0"
      }
    },
    "../../node_modules/.pnpm/passport-google-oauth20@2.0.0/node_modules/passport-google-oauth20": {
      "version": "2.0.0",
      "license": "MIT",
      "dependencies": {
        "passport-oauth2": "1.x.x"
      },
      "devDependencies": {
        "chai": "2.x.x",
        "chai-passport-strategy": "1.x.x",
        "make-node": "0.3.x",
        "mocha": "1.x.x"
      },
      "engines": {
        "node": ">= 0.4.0"
      }
    },
    "../../node_modules/.pnpm/passport@0.7.0/node_modules/passport": {
      "version": "0.7.0",
      "license": "MIT",
      "dependencies": {
        "passport-strategy": "1.x.x",
        "pause": "0.0.1",
        "utils-merge": "^1.0.1"
      },
      "devDependencies": {
        "chai": "2.x.x",
        "chai-connect-middleware": "0.3.x",
        "chai-passport-strategy": "0.2.x",
        "make-node": "0.3.x",
        "mocha": "2.x.x",
        "proxyquire": "1.4.x"
      },
      "engines": {
        "node": ">= 0.4.0"
      },
      "funding": {
        "type": "github",
        "url": "https://github.com/sponsors/jaredhanson"
      }
    },
    "../../node_modules/.pnpm/prisma@5.22.0/node_modules/prisma": {
      "version": "5.22.0",
      "dev": true,
      "hasInstallScript": true,
      "license": "Apache-2.0",
      "dependencies": {
        "@prisma/engines": "5.22.0"
      },
      "bin": {
        "prisma": "build/index.js"
      },
      "devDependencies": {
        "@prisma/client": "5.22.0",
        "@prisma/debug": "5.22.0",
        "@prisma/fetch-engine": "5.22.0",
        "@prisma/generator-helper": "5.22.0",
        "@prisma/get-platform": "5.22.0",
        "@prisma/internals": "5.22.0",
        "@prisma/migrate": "5.22.0",
        "@prisma/mini-proxy": "0.9.5",
        "@prisma/studio": "0.503.0",
        "@prisma/studio-server": "0.503.0",
        "@swc/core": "1.6.13",
        "@swc/jest": "0.2.36",
        "@types/debug": "4.1.12",
        "@types/fs-extra": "9.0.13",
        "@types/jest": "29.5.12",
        "@types/node": "18.19.31",
        "@types/rimraf": "3.0.2",
        "async-listen": "3.0.1",
        "checkpoint-client": "1.1.33",
        "chokidar": "3.6.0",
        "debug": "4.3.6",
        "dotenv": "16.0.3",
        "esbuild": "0.23.0",
        "execa": "5.1.1",
        "fast-glob": "3.3.2",
        "fs-extra": "11.1.1",
        "fs-jetpack": "5.1.0",
        "get-port": "5.1.1",
        "global-dirs": "4.0.0",
        "jest": "29.7.0",
        "jest-junit": "16.0.0",
        "kleur": "4.1.5",
        "line-replace": "2.0.1",
        "log-update": "4.0.0",
        "node-fetch": "3.3.2",
        "npm-packlist": "5.1.3",
        "open": "7.4.2",
        "pkg-up": "3.1.0",
        "resolve-pkg": "2.0.0",
        "rimraf": "3.0.2",
        "strip-ansi": "6.0.1",
        "ts-pattern": "5.2.0",
        "typescript": "5.4.5",
        "xdg-app-paths": "8.3.0",
        "zx": "7.2.3"
      },
      "engines": {
        "node": ">=16.13"
      },
      "optionalDependencies": {
        "fsevents": "2.3.3"
      }
    },
    "../../node_modules/.pnpm/resend@6.12.3/node_modules/resend": {
      "version": "6.12.3",
      "license": "MIT",
      "dependencies": {
        "postal-mime": "2.7.4",
        "svix": "1.92.2"
      },
      "devDependencies": {
        "@biomejs/biome": "2.4.14",
        "@pollyjs/adapter-fetch": "6.0.7",
        "@pollyjs/core": "6.0.6",
        "@pollyjs/persister-fs": "6.0.6",
        "@types/mailparser": "3.4.6",
        "@types/node": "24.12.2",
        "@types/react": "19.2.14",
        "cross-env": "10.1.0",
        "dotenv": "17.4.2",
        "pkg-pr-new": "0.0.66",
        "react": "19.2.5",
        "react-dom": "19.2.5",
        "rimraf": "6.1.3",
        "tsdown": "0.21.10",
        "typescript": "6.0.3",
        "vitest": "4.1.4",
        "vitest-fetch-mock": "0.4.5"
      },
      "engines": {
        "node": ">=20"
      },
      "peerDependencies": {
        "@react-email/render": "*"
      },
      "peerDependenciesMeta": {
        "@react-email/render": {
          "optional": true
        }
      }
    },
    "../../node_modules/.pnpm/tsx@4.21.0/node_modules/tsx": {
      "version": "4.21.0",
      "dev": true,
      "license": "MIT",
      "dependencies": {
        "esbuild": "~0.27.0",
        "get-tsconfig": "^4.7.5"
      },
      "bin": {
        "tsx": "dist/cli.mjs"
      },
      "engines": {
        "node": ">=18.0.0"
      },
      "optionalDependencies": {
        "fsevents": "~2.3.3"
      }
    },
    "../../node_modules/.pnpm/twilio@4.23.0/node_modules/twilio": {
      "version": "4.23.0",
      "license": "MIT",
      "dependencies": {
        "axios": "^1.6.0",
        "dayjs": "^1.11.9",
        "https-proxy-agent": "^5.0.0",
        "jsonwebtoken": "^9.0.0",
        "qs": "^6.9.4",
        "scmp": "^2.1.0",
        "url-parse": "^1.5.9",
        "xmlbuilder": "^13.0.2"
      },
      "devDependencies": {
        "@babel/preset-env": "^7.23.0",
        "@babel/preset-typescript": "^7.18.6",
        "@types/jest": "^29.5.5",
        "@types/jsonwebtoken": "^9.0.0",
        "@types/node": "^18.11.18",
        "@types/qs": "^6.9.7",
        "@types/url-parse": "^1.4.8",
        "babel-plugin-replace-ts-export-assignment": "^0.0.2",
        "eslint": "^8.31.0",
        "express": "^4.17.1",
        "jest": "^29.5.5",
        "jshint": "^2.11.0",
        "mock-fs": "^5.2.0",
        "nock": "^13.2.9",
        "node-mocks-http": "^1.8.1",
        "prettier": "^2.7.1",
        "ts-jest": "^29.1.1",
        "typedoc": "^0.23.21",
        "typescript": "^4.7.2"
      },
      "engines": {
        "node": ">=14.0"
      }
    },
    "../../node_modules/.pnpm/typescript@5.9.3/node_modules/typescript": {
      "version": "5.9.3",
      "dev": true,
      "license": "Apache-2.0",
      "bin": {
        "tsc": "bin/tsc",
        "tsserver": "bin/tsserver"
      },
      "devDependencies": {
        "@dprint/formatter": "^0.4.1",
        "@dprint/typescript": "0.93.4",
        "@esfx/canceltoken": "^1.0.0",
        "@eslint/js": "^9.20.0",
        "@octokit/rest": "^21.1.1",
        "@types/chai": "^4.3.20",
        "@types/diff": "^7.0.1",
        "@types/minimist": "^1.2.5",
        "@types/mocha": "^10.0.10",
        "@types/ms": "^0.7.34",
        "@types/node": "latest",
        "@types/source-map-support": "^0.5.10",
        "@types/which": "^3.0.4",
        "@typescript-eslint/rule-tester": "^8.24.1",
        "@typescript-eslint/type-utils": "^8.24.1",
        "@typescript-eslint/utils": "^8.24.1",
        "azure-devops-node-api": "^14.1.0",
        "c8": "^10.1.3",
        "chai": "^4.5.0",
        "chokidar": "^4.0.3",
        "diff": "^7.0.0",
        "dprint": "^0.49.0",
        "esbuild": "^0.25.0",
        "eslint": "^9.20.1",
        "eslint-formatter-autolinkable-stylish": "^1.4.0",
        "eslint-plugin-regexp": "^2.7.0",
        "fast-xml-parser": "^4.5.2",
        "glob": "^10.4.5",
        "globals": "^15.15.0",
        "hereby": "^1.10.0",
        "jsonc-parser": "^3.3.1",
        "knip": "^5.44.4",
        "minimist": "^1.2.8",
        "mocha": "^10.8.2",
        "mocha-fivemat-progress-reporter": "^0.1.0",
        "monocart-coverage-reports": "^2.12.1",
        "ms": "^2.1.3",
        "picocolors": "^1.1.1",
        "playwright": "^1.50.1",
        "source-map-support": "^0.5.21",
        "tslib": "^2.8.1",
        "typescript": "^5.7.3",
        "typescript-eslint": "^8.24.1",
        "which": "^3.0.1"
      },
      "engines": {
        "node": ">=14.17"
      }
    },
    "../../node_modules/.pnpm/winston@3.19.0/node_modules/winston": {
      "version": "3.19.0",
      "license": "MIT",
      "dependencies": {
        "@colors/colors": "^1.6.0",
        "@dabh/diagnostics": "^2.0.8",
        "async": "^3.2.3",
        "is-stream": "^2.0.0",
        "logform": "^2.7.0",
        "one-time": "^1.0.0",
        "readable-stream": "^3.4.0",
        "safe-stable-stringify": "^2.3.1",
        "stack-trace": "0.0.x",
        "triple-beam": "^1.3.0",
        "winston-transport": "^4.9.0"
      },
      "devDependencies": {
        "@babel/cli": "^7.23.9",
        "@babel/core": "^7.24.0",
        "@babel/preset-env": "^7.24.0",
        "@dabh/eslint-config-populist": "^4.4.0",
        "@types/node": "^20.11.24",
        "abstract-winston-transport": "^0.5.1",
        "assume": "^2.2.0",
        "cross-spawn-async": "^2.2.5",
        "eslint": "^8.57.0",
        "hock": "^1.4.1",
        "jest": "^29.7.0",
        "rimraf": "5.0.10",
        "split2": "^4.1.0",
        "std-mocks": "^2.0.0",
        "through2": "^4.0.2",
        "winston-compat": "^0.1.5"
      },
      "engines": {
        "node": ">= 12.0.0"
      }
    },
    "../../node_modules/.pnpm/zod@3.25.76/node_modules/zod": {
      "version": "3.25.76",
      "license": "MIT",
      "funding": {
        "url": "https://github.com/sponsors/colinhacks"
      }
    },
    "../../packages/types": {
      "name": "@volks/types",
      "version": "1.0.0",
      "extraneous": true,
      "devDependencies": {
        "typescript": "^5.3.3"
      }
    },
    "node_modules/@prisma/client": {
      "resolved": "../../node_modules/.pnpm/@prisma+client@5.22.0_prisma@5.22.0/node_modules/@prisma/client",
      "link": true
    },
    "node_modules/@types/bcryptjs": {
      "resolved": "../../node_modules/.pnpm/@types+bcryptjs@2.4.6/node_modules/@types/bcryptjs",
      "link": true
    },
    "node_modules/@types/cors": {
      "resolved": "../../node_modules/.pnpm/@types+cors@2.8.19/node_modules/@types/cors",
      "link": true
    },
    "node_modules/@types/express": {
      "resolved": "../../node_modules/.pnpm/@types+express@4.17.25/node_modules/@types/express",
      "link": true
    },
    "node_modules/@types/jsonwebtoken": {
      "resolved": "../../node_modules/.pnpm/@types+jsonwebtoken@9.0.10/node_modules/@types/jsonwebtoken",
      "link": true
    },
    "node_modules/@types/morgan": {
      "resolved": "../../node_modules/.pnpm/@types+morgan@1.9.10/node_modules/@types/morgan",
      "link": true
    },
    "node_modules/@types/multer": {
      "resolved": "../../node_modules/.pnpm/@types+multer@1.4.13/node_modules/@types/multer",
      "link": true
    },
    "node_modules/@types/node": {
      "resolved": "../../node_modules/.pnpm/@types+node@20.19.40/node_modules/@types/node",
      "link": true
    },
    "node_modules/@types/nodemailer": {
      "resolved": "../../node_modules/.pnpm/@types+nodemailer@6.4.23/node_modules/@types/nodemailer",
      "link": true
    },
    "node_modules/@types/passport": {
      "resolved": "../../node_modules/.pnpm/@types+passport@1.0.17/node_modules/@types/passport",
      "link": true
    },
    "node_modules/@types/passport-facebook": {
      "resolved": "../../node_modules/.pnpm/@types+passport-facebook@3.0.4/node_modules/@types/passport-facebook",
      "link": true
    },
    "node_modules/@types/passport-google-oauth20": {
      "resolved": "../../node_modules/.pnpm/@types+passport-google-oauth20@2.0.17/node_modules/@types/passport-google-oauth20",
      "link": true
    },
    "node_modules/bcryptjs": {
      "resolved": "../../node_modules/.pnpm/bcryptjs@2.4.3/node_modules/bcryptjs",
      "link": true
    },
    "node_modules/cloudinary": {
      "version": "2.10.0",
      "resolved": "https://registry.npmjs.org/cloudinary/-/cloudinary-2.10.0.tgz",
      "integrity": "sha512-sY09kYg7wprkndAOjZBAYqFZqwL+SxnEGcAvksOvFA+5upnFn949UjkEkHKNSwkBtW/xRDd0p6NgbSXZcxkI3w==",
      "license": "MIT",
      "dependencies": {
        "lodash": "^4.17.23"
      },
      "engines": {
        "node": ">=9"
      }
    },
    "node_modules/cors": {
      "resolved": "../../node_modules/.pnpm/cors@2.8.6/node_modules/cors",
      "link": true
    },
    "node_modules/dotenv": {
      "resolved": "../../node_modules/.pnpm/dotenv@17.4.2/node_modules/dotenv",
      "link": true
    },
    "node_modules/express": {
      "resolved": "../../node_modules/.pnpm/express@4.22.1/node_modules/express",
      "link": true
    },
    "node_modules/express-rate-limit": {
      "resolved": "../../node_modules/.pnpm/express-rate-limit@7.5.1_express@4.22.1/node_modules/express-rate-limit",
      "link": true
    },
    "node_modules/helmet": {
      "resolved": "../../node_modules/.pnpm/helmet@7.2.0/node_modules/helmet",
      "link": true
    },
    "node_modules/jsonwebtoken": {
      "resolved": "../../node_modules/.pnpm/jsonwebtoken@9.0.3/node_modules/jsonwebtoken",
      "link": true
    },
    "node_modules/lodash": {
      "version": "4.18.1",
      "resolved": "https://registry.npmjs.org/lodash/-/lodash-4.18.1.tgz",
      "integrity": "sha512-dMInicTPVE8d1e5otfwmmjlxkZoUpiVLwyeTdUsi/Caj/gfzzblBcCE5sRHV/AsjuCmxWrte2TNGSYuCeCq+0Q==",
      "license": "MIT"
    },
    "node_modules/morgan": {
      "resolved": "../../node_modules/.pnpm/morgan@1.10.1/node_modules/morgan",
      "link": true
    },
    "node_modules/multer": {
      "resolved": "../../node_modules/.pnpm/multer@1.4.5-lts.2/node_modules/multer",
      "link": true
    },
    "node_modules/nodemailer": {
      "resolved": "../../node_modules/.pnpm/nodemailer@6.10.1/node_modules/nodemailer",
      "link": true
    },
    "node_modules/passport": {
      "resolved": "../../node_modules/.pnpm/passport@0.7.0/node_modules/passport",
      "link": true
    },
    "node_modules/passport-facebook": {
      "resolved": "../../node_modules/.pnpm/passport-facebook@3.0.0/node_modules/passport-facebook",
      "link": true
    },
    "node_modules/passport-google-oauth20": {
      "resolved": "../../node_modules/.pnpm/passport-google-oauth20@2.0.0/node_modules/passport-google-oauth20",
      "link": true
    },
    "node_modules/prisma": {
      "resolved": "../../node_modules/.pnpm/prisma@5.22.0/node_modules/prisma",
      "link": true
    },
    "node_modules/resend": {
      "resolved": "../../node_modules/.pnpm/resend@6.12.3/node_modules/resend",
      "link": true
    },
    "node_modules/tsx": {
      "resolved": "../../node_modules/.pnpm/tsx@4.21.0/node_modules/tsx",
      "link": true
    },
    "node_modules/twilio": {
      "resolved": "../../node_modules/.pnpm/twilio@4.23.0/node_modules/twilio",
      "link": true
    },
    "node_modules/typescript": {
      "resolved": "../../node_modules/.pnpm/typescript@5.9.3/node_modules/typescript",
      "link": true
    },
    "node_modules/winston": {
      "resolved": "../../node_modules/.pnpm/winston@3.19.0/node_modules/winston",
      "link": true
    },
    "node_modules/zod": {
      "resolved": "../../node_modules/.pnpm/zod@3.25.76/node_modules/zod",
      "link": true
    }
  }
}
